
Microsoft Visual Studio Solution File, Format Version 12.00
# Visual Studio Version 17
VisualStudioVersion = 17.13.35931.197 d17.13
MinimumVisualStudioVersion = 10.0.40219.1
Project("{FAE04EC0-301F-11D3-BF4B-00C04F79EFBC}") = "FolderFlattener", "FolderFlattener\FolderFlattener.csproj", "{762F419B-56C1-4044-9D0C-D7E118CE0EF2}"
EndProject
Project("{FAE04EC0-301F-11D3-BF4B-00C04F79EFBC}") = "FolderFlattenerWpfUi", "FolderFlattenerWpfUi\FolderFlattenerWpfUi.csproj", "{8D575F69-90BD-4919-9EEB-8CD67E2B463F}"
EndProject
Global
	GlobalSection(SolutionConfigurationPlatforms) = preSolution
		Debug|Any CPU = Debug|Any CPU
		Release|Any CPU = Release|Any CPU
	EndGlobalSection
	GlobalSection(ProjectConfigurationPlatforms) = postSolution
		{762F419B-56C1-4044-9D0C-D7E118CE0EF2}.Debug|Any CPU.ActiveCfg = Debug|Any CPU
		{762F419B-56C1-4044-9D0C-D7E118CE0EF2}.Debug|Any CPU.Build.0 = Debug|Any CPU
		{762F419B-56C1-4044-9D0C-D7E118CE0EF2}.Release|Any CPU.ActiveCfg = Release|Any CPU
		{762F419B-56C1-4044-9D0C-D7E118CE0EF2}.Release|Any CPU.Build.0 = Release|Any CPU
		{8D575F69-90BD-4919-9EEB-8CD67E2B463F}.Debug|Any CPU.ActiveCfg = Debug|Any CPU
		{8D575F69-90BD-4919-9EEB-8CD67E2B463F}.Debug|Any CPU.Build.0 = Debug|Any CPU
		{8D575F69-90BD-4919-9EEB-8CD67E2B463F}.Release|Any CPU.ActiveCfg = Release|Any CPU
		{8D575F69-90BD-4919-9EEB-8CD67E2B463F}.Release|Any CPU.Build.0 = Release|Any CPU
	EndGlobalSection
	GlobalSection(SolutionProperties) = preSolution
		HideSolutionNode = FALSE
	EndGlobalSection
	GlobalSection(ExtensibilityGlobals) = postSolution
		SolutionGuid = {412152F4-B9E7-4D43-9F2F-BE0D246D497C}
	EndGlobalSection
EndGlobal
